
Microsoft Visual Studio Solution File, Format Version 12.00
# Visual Studio Version 16
VisualStudioVersion = 16.0.29306.81
MinimumVisualStudioVersion = 10.0.40219.1
Project("{FAE04EC0-301F-11D3-BF4B-00C04F79EFBC}") = "assign1006", "assign1006\assign1006.csproj", "{DDC4FA0A-3E9F-4F32-B057-13B159A92C31}"
EndProject
Global
	GlobalSection(SolutionConfigurationPlatforms) = preSolution
		Debug|Any CPU = Debug|Any CPU
		Release|Any CPU = Release|Any CPU
	EndGlobalSection
	GlobalSection(ProjectConfigurationPlatforms) = postSolution
		{DDC4FA0A-3E9F-4F32-B057-13B159A92C31}.Debug|Any CPU.ActiveCfg = Debug|Any CPU
		{DDC4FA0A-3E9F-4F32-B057-13B159A92C31}.Debug|Any CPU.Build.0 = Debug|Any CPU
		{DDC4FA0A-3E9F-4F32-B057-13B159A92C31}.Release|Any CPU.ActiveCfg = Release|Any CPU
		{DDC4FA0A-3E9F-4F32-B057-13B159A92C31}.Release|Any CPU.Build.0 = Release|Any CPU
	EndGlobalSection
	GlobalSection(SolutionProperties) = preSolution
		HideSolutionNode = FALSE
	EndGlobalSection
	GlobalSection(ExtensibilityGlobals) = postSolution
		SolutionGuid = {12C21D4D-8C6E-42E7-866C-A21076C09E65}
	EndGlobalSection
EndGlobal
